{
  "name": "app",
  "lockfileVersion": 3,
  "requires": true,
  "packages": {
    "": {
      "dependencies": {
        "02-echo": "0.0.7",
        "debug": "4.4.2"
      }
    },
    "node_modules/02-echo": {
      "version": "0.0.6",
      "resolved": "https://registry.npmjs.org/02-echo/-/02-echo-0.0.6.tgz",
      "integrity": "sha512-NEE+5/fNx3KupdQOe1k71SN9pe2+E9fFaCkD6PUdu2f9fnh1vZgmh+kh21NMJuTUMWPJnSH/AzvuLYfgEfS0Ug==",
      "dependencies": {
        "argv": "0.0.2"
      },
      "bin": {
        "02-echo": "bin/02-echo"
      }
    },
    "node_modules/argv": {
      "version": "0.0.2",
      "resolved": "https://registry.npmjs.org/argv/-/argv-0.0.2.tgz",
      "integrity": "sha512-dEamhpPEwRUBpLNHeuCm/v+g0anFByHahxodVO/BbAarHVBBg2MccCwf9K+o1Pof+2btdnkJelYVUWjW/VrATw==",
      "deprecated": "Package no longer supported. Contact Support at https://www.npmjs.com/support for more info.",
      "engines": {
        "node": ">=0.6.10"
      }
    },
    "node_modules/debug": {
      "version": "4.4.2",
      "resolved": "https://registry.npmjs.org/debug/-/debug-4.4.2.tgz",
      "integrity": "sha512-KcKCqiftBJcZr++7ykoDIEwSa3XWowTfNPo92BYxjXiyYEVrUQh2aLyhxBCwww+heortUFxEJYcRzosstTEBYQ==",
      "license": "MIT",
      "dependencies": {
        "ms": "^2.1.3"
      },
      "engines": {
        "node": ">=6.0"
      },
      "peerDependenciesMeta": {
        "supports-color": {
          "optional": true
        }
      }
    },
    "node_modules/ms": {
      "version": "2.1.3",
      "resolved": "https://registry.npmjs.org/ms/-/ms-2.1.3.tgz",
      "integrity": "sha512-6FlzubTLZG3J2a/NVCAleEhjzq5oxgHyaCU9yYXvcLsvoVaHJq/s5xXI6/XXP6tz7R9xAOtHnSO/tXtF3WRTlA==",
      "license": "MIT"
    }
  }
}
